// !$*UTF8*$!
{
	archiveVersion = 1;
	classes = {
	};
	objectVersion = 55;
	objects = {

/* Begin PBXBuildFile section */
		5355A47627A9B0F60069786A /* AppDelegate.swift in Sources */ = {isa = PBXBuildFile; fileRef = 5355A47527A9B0F60069786A /* AppDelegate.swift */; };
		5355A47827A9B0F60069786A /* SceneDelegate.swift in Sources */ = {isa = PBXBuildFile; fileRef = 5355A47727A9B0F60069786A /* SceneDelegate.swift */; };
		5355A47A27A9B0F60069786A /* QuestionViewController.swift in Sources */ = {isa = PBXBuildFile; fileRef = 5355A47927A9B0F60069786A /* QuestionViewController.swift */; };
		5355A47D27A9B0F60069786A /* Main.storyboard in Resources */ = {isa = PBXBuildFile; fileRef = 5355A47B27A9B0F60069786A /* Main.storyboard */; };
		5355A47F27A9B0F70069786A /* Assets.xcassets in Resources */ = {isa = PBXBuildFile; fileRef = 5355A47E27A9B0F70069786A /* Assets.xcassets */; };
		5355A48227A9B0F70069786A /* LaunchScreen.storyboard in Resources */ = {isa = PBXBuildFile; fileRef = 5355A48027A9B0F70069786A /* LaunchScreen.storyboard */; };
		5355A48F27A9B2C10069786A /* QuestionView.swift in Sources */ = {isa = PBXBuildFile; fileRef = 5355A48E27A9B2C10069786A /* QuestionView.swift */; };
		5355A49127A9B32A0069786A /* QuestionGroup.swift in Sources */ = {isa = PBXBuildFile; fileRef = 5355A49027A9B32A0069786A /* QuestionGroup.swift */; };
		5355A49527A9B36C0069786A /* Question.swift in Sources */ = {isa = PBXBuildFile; fileRef = 5355A49427A9B36C0069786A /* Question.swift */; };
		5355A49727A9DB420069786A /* SelectQuestionGroupViewController.swift in Sources */ = {isa = PBXBuildFile; fileRef = 5355A49627A9DB420069786A /* SelectQuestionGroupViewController.swift */; };
		5355A49927A9DD440069786A /* QuestionGroupCell.swift in Sources */ = {isa = PBXBuildFile; fileRef = 5355A49827A9DD440069786A /* QuestionGroupCell.swift */; };
		53617A9D27AED6FB009029B8 /* AppSettings.swift in Sources */ = {isa = PBXBuildFile; fileRef = 53617A9C27AED6FB009029B8 /* AppSettings.swift */; };
		53617AA127AEDD4C009029B8 /* AppSettingsViewController.swift in Sources */ = {isa = PBXBuildFile; fileRef = 53617AA027AEDD4C009029B8 /* AppSettingsViewController.swift */; };
		53617AA727AF187E009029B8 /* DiskCaretaker.swift in Sources */ = {isa = PBXBuildFile; fileRef = 53617AA627AF187E009029B8 /* DiskCaretaker.swift */; };
		53617AA927AF1C17009029B8 /* QuestionGroupCaretaker.swift in Sources */ = {isa = PBXBuildFile; fileRef = 53617AA827AF1C17009029B8 /* QuestionGroupCaretaker.swift */; };
		53617AAB27AF226A009029B8 /* QuestionGroupData.json in Resources */ = {isa = PBXBuildFile; fileRef = 53617AAA27AF226A009029B8 /* QuestionGroupData.json */; };
		53617AAD27AF2415009029B8 /* BaseQuestionStrategy.swift in Sources */ = {isa = PBXBuildFile; fileRef = 53617AAC27AF2415009029B8 /* BaseQuestionStrategy.swift */; };
		5363493127B5A55D009605E8 /* CreateQuestionGroupViewController.swift in Sources */ = {isa = PBXBuildFile; fileRef = 5363493027B5A55D009605E8 /* CreateQuestionGroupViewController.swift */; };
		5363493327B5A68E009605E8 /* NewQuestionGroup.storyboard in Resources */ = {isa = PBXBuildFile; fileRef = 5363493227B5A68E009605E8 /* NewQuestionGroup.storyboard */; };
		5363493527B5A6DA009605E8 /* CreateQuestionCell.swift in Sources */ = {isa = PBXBuildFile; fileRef = 5363493427B5A6DA009605E8 /* CreateQuestionCell.swift */; };
		5363493727B5A73C009605E8 /* CreateQuestionGroupTitleCell.swift in Sources */ = {isa = PBXBuildFile; fileRef = 5363493627B5A73C009605E8 /* CreateQuestionGroupTitleCell.swift */; };
		5363493927B5A78B009605E8 /* JapaneseTextField.swift in Sources */ = {isa = PBXBuildFile; fileRef = 5363493827B5A78B009605E8 /* JapaneseTextField.swift */; };
		5363493C27B5A9AA009605E8 /* QuestionGroupBuilder.swift in Sources */ = {isa = PBXBuildFile; fileRef = 5363493B27B5A9AA009605E8 /* QuestionGroupBuilder.swift */; };
		53F45BDF27AB32DF0082DF7C /* QuestionStrategy.swift in Sources */ = {isa = PBXBuildFile; fileRef = 53F45BDE27AB32DF0082DF7C /* QuestionStrategy.swift */; };
		53F45BE127AB33840082DF7C /* SequentialQuestionStrategy.swift in Sources */ = {isa = PBXBuildFile; fileRef = 53F45BE027AB33840082DF7C /* SequentialQuestionStrategy.swift */; };
		53F45BE327AB34AF0082DF7C /* RandomQuestionStrategy.swift in Sources */ = {isa = PBXBuildFile; fileRef = 53F45BE227AB34AF0082DF7C /* RandomQuestionStrategy.swift */; };
/* End PBXBuildFile section */

/* Begin PBXFileReference section */
		5355A47227A9B0F60069786A /* Rabble Wabble.app */ = {isa = PBXFileReference; explicitFileType = wrapper.application; includeInIndex = 0; path = "Rabble Wabble.app"; sourceTree = BUILT_PRODUCTS_DIR; };
		5355A47527A9B0F60069786A /* AppDelegate.swift */ = {isa = PBXFileReference; lastKnownFileType = sourcecode.swift; path = AppDelegate.swift; sourceTree = "<group>"; };
		5355A47727A9B0F60069786A /* SceneDelegate.swift */ = {isa = PBXFileReference; lastKnownFileType = sourcecode.swift; path = SceneDelegate.swift; sourceTree = "<group>"; };
		5355A47927A9B0F60069786A /* QuestionViewController.swift */ = {isa = PBXFileReference; lastKnownFileType = sourcecode.swift; path = QuestionViewController.swift; sourceTree = "<group>"; };
		5355A47C27A9B0F60069786A /* Base */ = {isa = PBXFileReference; lastKnownFileType = file.storyboard; name = Base; path = Base.lproj/Main.storyboard; sourceTree = "<group>"; };
		5355A47E27A9B0F70069786A /* Assets.xcassets */ = {isa = PBXFileReference; lastKnownFileType = folder.assetcatalog; path = Assets.xcassets; sourceTree = "<group>"; };
		5355A48127A9B0F70069786A /* Base */ = {isa = PBXFileReference; lastKnownFileType = file.storyboard; name = Base; path = Base.lproj/LaunchScreen.storyboard; sourceTree = "<group>"; };
		5355A48327A9B0F70069786A /* Info.plist */ = {isa = PBXFileReference; lastKnownFileType = text.plist.xml; path = Info.plist; sourceTree = "<group>"; };
		5355A48E27A9B2C10069786A /* QuestionView.swift */ = {isa = PBXFileReference; lastKnownFileType = sourcecode.swift; path = QuestionView.swift; sourceTree = "<group>"; };
		5355A49027A9B32A0069786A /* QuestionGroup.swift */ = {isa = PBXFileReference; lastKnownFileType = sourcecode.swift; path = QuestionGroup.swift; sourceTree = "<group>"; };
		5355A49427A9B36C0069786A /* Question.swift */ = {isa = PBXFileReference; lastKnownFileType = sourcecode.swift; path = Question.swift; sourceTree = "<group>"; };
		5355A49627A9DB420069786A /* SelectQuestionGroupViewController.swift */ = {isa = PBXFileReference; lastKnownFileType = sourcecode.swift; path = SelectQuestionGroupViewController.swift; sourceTree = "<group>"; };
		5355A49827A9DD440069786A /* QuestionGroupCell.swift */ = {isa = PBXFileReference; lastKnownFileType = sourcecode.swift; path = QuestionGroupCell.swift; sourceTree = "<group>"; };
		53617A9C27AED6FB009029B8 /* AppSettings.swift */ = {isa = PBXFileReference; lastKnownFileType = sourcecode.swift; path = AppSettings.swift; sourceTree = "<group>"; };
		53617AA027AEDD4C009029B8 /* AppSettingsViewController.swift */ = {isa = PBXFileReference; lastKnownFileType = sourcecode.swift; path = AppSettingsViewController.swift; sourceTree = "<group>"; };
		53617AA627AF187E009029B8 /* DiskCaretaker.swift */ = {isa = PBXFileReference; lastKnownFileType = sourcecode.swift; path = DiskCaretaker.swift; sourceTree = "<group>"; };
		53617AA827AF1C17009029B8 /* QuestionGroupCaretaker.swift */ = {isa = PBXFileReference; lastKnownFileType = sourcecode.swift; path = QuestionGroupCaretaker.swift; sourceTree = "<group>"; };
		53617AAA27AF226A009029B8 /* QuestionGroupData.json */ = {isa = PBXFileReference; fileEncoding = 4; lastKnownFileType = text.json; path = QuestionGroupData.json; sourceTree = "<group>"; };
		53617AAC27AF2415009029B8 /* BaseQuestionStrategy.swift */ = {isa = PBXFileReference; lastKnownFileType = sourcecode.swift; path = BaseQuestionStrategy.swift; sourceTree = "<group>"; };
		5363493027B5A55D009605E8 /* CreateQuestionGroupViewController.swift */ = {isa = PBXFileReference; lastKnownFileType = sourcecode.swift; path = CreateQuestionGroupViewController.swift; sourceTree = "<group>"; };
		5363493227B5A68E009605E8 /* NewQuestionGroup.storyboard */ = {isa = PBXFileReference; fileEncoding = 4; lastKnownFileType = file.storyboard; path = NewQuestionGroup.storyboard; sourceTree = "<group>"; };
		5363493427B5A6DA009605E8 /* CreateQuestionCell.swift */ = {isa = PBXFileReference; lastKnownFileType = sourcecode.swift; path = CreateQuestionCell.swift; sourceTree = "<group>"; };
		5363493627B5A73C009605E8 /* CreateQuestionGroupTitleCell.swift */ = {isa = PBXFileReference; lastKnownFileType = sourcecode.swift; path = CreateQuestionGroupTitleCell.swift; sourceTree = "<group>"; };
		5363493827B5A78B009605E8 /* JapaneseTextField.swift */ = {isa = PBXFileReference; lastKnownFileType = sourcecode.swift; path = JapaneseTextField.swift; sourceTree = "<group>"; };
		5363493B27B5A9AA009605E8 /* QuestionGroupBuilder.swift */ = {isa = PBXFileReference; lastKnownFileType = sourcecode.swift; path = QuestionGroupBuilder.swift; sourceTree = "<group>"; };
		53F45BDE27AB32DF0082DF7C /* QuestionStrategy.swift */ = {isa = PBXFileReference; lastKnownFileType = sourcecode.swift; path = QuestionStrategy.swift; sourceTree = "<group>"; };
		53F45BE027AB33840082DF7C /* SequentialQuestionStrategy.swift */ = {isa = PBXFileReference; lastKnownFileType = sourcecode.swift; path = SequentialQuestionStrategy.swift; sourceTree = "<group>"; };
		53F45BE227AB34AF0082DF7C /* RandomQuestionStrategy.swift */ = {isa = PBXFileReference; lastKnownFileType = sourcecode.swift; path = RandomQuestionStrategy.swift; sourceTree = "<group>"; };
/* End PBXFileReference section */

/* Begin PBXFrameworksBuildPhase section */
		5355A46F27A9B0F60069786A /* Frameworks */ = {
			isa = PBXFrameworksBuildPhase;
			buildActionMask = 2147483647;
			files = (
			);
			runOnlyForDeploymentPostprocessing = 0;
		};
/* End PBXFrameworksBuildPhase section */

/* Begin PBXGroup section */
		5355A46927A9B0F60069786A = {
			isa = PBXGroup;
			children = (
				5355A47427A9B0F60069786A /* Rabble Wabble */,
				5355A47327A9B0F60069786A /* Products */,
			);
			sourceTree = "<group>";
		};
		5355A47327A9B0F60069786A /* Products */ = {
			isa = PBXGroup;
			children = (
				5355A47227A9B0F60069786A /* Rabble Wabble.app */,
			);
			name = Products;
			sourceTree = "<group>";
		};
		5355A47427A9B0F60069786A /* Rabble Wabble */ = {
			isa = PBXGroup;
			children = (
				5355A48A27A9B1D20069786A /* Application */,
				5363493A27B5A995009605E8 /* Builders */,
				53617AA527AF185A009029B8 /* CareTakers */,
				5355A48B27A9B1DF0069786A /* Controllers */,
				5355A48C27A9B1E50069786A /* Views */,
				5355A48D27A9B1EB0069786A /* Models */,
				53F45BDD27AB32CE0082DF7C /* Strategy */,
				5355A48927A9B1BE0069786A /* Resources */,
			);
			path = "Rabble Wabble";
			sourceTree = "<group>";
		};
		5355A48927A9B1BE0069786A /* Resources */ = {
			isa = PBXGroup;
			children = (
				5355A47E27A9B0F70069786A /* Assets.xcassets */,
				5355A48327A9B0F70069786A /* Info.plist */,
				53617AAA27AF226A009029B8 /* QuestionGroupData.json */,
			);
			path = Resources;
			sourceTree = "<group>";
		};
		5355A48A27A9B1D20069786A /* Application */ = {
			isa = PBXGroup;
			children = (
				5355A47527A9B0F60069786A /* AppDelegate.swift */,
				5355A47727A9B0F60069786A /* SceneDelegate.swift */,
			);
			path = Application;
			sourceTree = "<group>";
		};
		5355A48B27A9B1DF0069786A /* Controllers */ = {
			isa = PBXGroup;
			children = (
				53617AA027AEDD4C009029B8 /* AppSettingsViewController.swift */,
				5355A49627A9DB420069786A /* SelectQuestionGroupViewController.swift */,
				5355A47927A9B0F60069786A /* QuestionViewController.swift */,
				5363493027B5A55D009605E8 /* CreateQuestionGroupViewController.swift */,
			);
			path = Controllers;
			sourceTree = "<group>";
		};
		5355A48C27A9B1E50069786A /* Views */ = {
			isa = PBXGroup;
			children = (
				5355A49827A9DD440069786A /* QuestionGroupCell.swift */,
				5355A48E27A9B2C10069786A /* QuestionView.swift */,
				5355A48027A9B0F70069786A /* LaunchScreen.storyboard */,
				5355A47B27A9B0F60069786A /* Main.storyboard */,
				5363493227B5A68E009605E8 /* NewQuestionGroup.storyboard */,
				5363493427B5A6DA009605E8 /* CreateQuestionCell.swift */,
				5363493627B5A73C009605E8 /* CreateQuestionGroupTitleCell.swift */,
				5363493827B5A78B009605E8 /* JapaneseTextField.swift */,
			);
			path = Views;
			sourceTree = "<group>";
		};
		5355A48D27A9B1EB0069786A /* Models */ = {
			isa = PBXGroup;
			children = (
				53617A9C27AED6FB009029B8 /* AppSettings.swift */,
				5355A49427A9B36C0069786A /* Question.swift */,
				5355A49027A9B32A0069786A /* QuestionGroup.swift */,
			);
			path = Models;
			sourceTree = "<group>";
		};
		53617AA527AF185A009029B8 /* CareTakers */ = {
			isa = PBXGroup;
			children = (
				53617AA627AF187E009029B8 /* DiskCaretaker.swift */,
				53617AA827AF1C17009029B8 /* QuestionGroupCaretaker.swift */,
			);
			path = CareTakers;
			sourceTree = "<group>";
		};
		5363493A27B5A995009605E8 /* Builders */ = {
			isa = PBXGroup;
			children = (
				5363493B27B5A9AA009605E8 /* QuestionGroupBuilder.swift */,
			);
			path = Builders;
			sourceTree = "<group>";
		};
		53F45BDD27AB32CE0082DF7C /* Strategy */ = {
			isa = PBXGroup;
			children = (
				53F45BDE27AB32DF0082DF7C /* QuestionStrategy.swift */,
				53617AAC27AF2415009029B8 /* BaseQuestionStrategy.swift */,
				53F45BE027AB33840082DF7C /* SequentialQuestionStrategy.swift */,
				53F45BE227AB34AF0082DF7C /* RandomQuestionStrategy.swift */,
			);
			path = Strategy;
			sourceTree = "<group>";
		};
/* End PBXGroup section */

/* Begin PBXNativeTarget section */
		5355A47127A9B0F60069786A /* Rabble Wabble */ = {
			isa = PBXNativeTarget;
			buildConfigurationList = 5355A48627A9B0F70069786A /* Build configuration list for PBXNativeTarget "Rabble Wabble" */;
			buildPhases = (
				5355A46E27A9B0F60069786A /* Sources */,
				5355A46F27A9B0F60069786A /* Frameworks */,
				5355A47027A9B0F60069786A /* Resources */,
			);
			buildRules = (
			);
			dependencies = (
			);
			name = "Rabble Wabble";
			productName = "Rabble Wabble";
			productReference = 5355A47227A9B0F60069786A /* Rabble Wabble.app */;
			productType = "com.apple.product-type.application";
		};
/* End PBXNativeTarget section */

/* Begin PBXProject section */
		5355A46A27A9B0F60069786A /* Project object */ = {
			isa = PBXProject;
			attributes = {
				BuildIndependentTargetsInParallel = 1;
				LastSwiftUpdateCheck = 1320;
				LastUpgradeCheck = 1320;
				TargetAttributes = {
					5355A47127A9B0F60069786A = {
						CreatedOnToolsVersion = 13.2;
					};
				};
			};
			buildConfigurationList = 5355A46D27A9B0F60069786A /* Build configuration list for PBXProject "Rabble Wabble" */;
			compatibilityVersion = "Xcode 13.0";
			developmentRegion = en;
			hasScannedForEncodings = 0;
			knownRegions = (
				en,
				Base,
			);
			mainGroup = 5355A46927A9B0F60069786A;
			productRefGroup = 5355A47327A9B0F60069786A /* Products */;
			projectDirPath = "";
			projectRoot = "";
			targets = (
				5355A47127A9B0F60069786A /* Rabble Wabble */,
			);
		};
/* End PBXProject section */

/* Begin PBXResourcesBuildPhase section */
		5355A47027A9B0F60069786A /* Resources */ = {
			isa = PBXResourcesBuildPhase;
			buildActionMask = 2147483647;
			files = (
				5363493327B5A68E009605E8 /* NewQuestionGroup.storyboard in Resources */,
				5355A48227A9B0F70069786A /* LaunchScreen.storyboard in Resources */,
				53617AAB27AF226A009029B8 /* QuestionGroupData.json in Resources */,
				5355A47F27A9B0F70069786A /* Assets.xcassets in Resources */,
				5355A47D27A9B0F60069786A /* Main.storyboard in Resources */,
			);
			runOnlyForDeploymentPostprocessing = 0;
		};
/* End PBXResourcesBuildPhase section */

/* Begin PBXSourcesBuildPhase section */
		5355A46E27A9B0F60069786A /* Sources */ = {
			isa = PBXSourcesBuildPhase;
			buildActionMask = 2147483647;
			files = (
				53617A9D27AED6FB009029B8 /* AppSettings.swift in Sources */,
				5355A48F27A9B2C10069786A /* QuestionView.swift in Sources */,
				5355A47A27A9B0F60069786A /* QuestionViewController.swift in Sources */,
				5355A47627A9B0F60069786A /* AppDelegate.swift in Sources */,
				5355A49127A9B32A0069786A /* QuestionGroup.swift in Sources */,
				5355A47827A9B0F60069786A /* SceneDelegate.swift in Sources */,
				5355A49927A9DD440069786A /* QuestionGroupCell.swift in Sources */,
				5363493C27B5A9AA009605E8 /* QuestionGroupBuilder.swift in Sources */,
				5363493527B5A6DA009605E8 /* CreateQuestionCell.swift in Sources */,
				53F45BE127AB33840082DF7C /* SequentialQuestionStrategy.swift in Sources */,
				53F45BE327AB34AF0082DF7C /* RandomQuestionStrategy.swift in Sources */,
				53F45BDF27AB32DF0082DF7C /* QuestionStrategy.swift in Sources */,
				5355A49527A9B36C0069786A /* Question.swift in Sources */,
				5363493127B5A55D009605E8 /* CreateQuestionGroupViewController.swift in Sources */,
				53617AAD27AF2415009029B8 /* BaseQuestionStrategy.swift in Sources */,
				53617AA127AEDD4C009029B8 /* AppSettingsViewController.swift in Sources */,
				5363493727B5A73C009605E8 /* CreateQuestionGroupTitleCell.swift in Sources */,
				5355A49727A9DB420069786A /* SelectQuestionGroupViewController.swift in Sources */,
				53617AA727AF187E009029B8 /* DiskCaretaker.swift in Sources */,
				5363493927B5A78B009605E8 /* JapaneseTextField.swift in Sources */,
				53617AA927AF1C17009029B8 /* QuestionGroupCaretaker.swift in Sources */,
			);
			runOnlyForDeploymentPostprocessing = 0;
		};
/* End PBXSourcesBuildPhase section */

/* Begin PBXVariantGroup section */
		5355A47B27A9B0F60069786A /* Main.storyboard */ = {
			isa = PBXVariantGroup;
			children = (
				5355A47C27A9B0F60069786A /* Base */,
			);
			name = Main.storyboard;
			sourceTree = "<group>";
		};
		5355A48027A9B0F70069786A /* LaunchScreen.storyboard */ = {
			isa = PBXVariantGroup;
			children = (
				5355A48127A9B0F70069786A /* Base */,
			);
			name = LaunchScreen.storyboard;
			sourceTree = "<group>";
		};
/* End PBXVariantGroup section */

/* Begin XCBuildConfiguration section */
		5355A48427A9B0F70069786A /* Debug */ = {
			isa = XCBuildConfiguration;
			buildSettings = {
				ALWAYS_SEARCH_USER_PATHS = NO;
				CLANG_ANALYZER_NONNULL = YES;
				CLANG_ANALYZER_NUMBER_OBJECT_CONVERSION = YES_AGGRESSIVE;
				CLANG_CXX_LANGUAGE_STANDARD = "gnu++17";
				CLANG_CXX_LIBRARY = "libc++";
				CLANG_ENABLE_MODULES = YES;
				CLANG_ENABLE_OBJC_ARC = YES;
				CLANG_ENABLE_OBJC_WEAK = YES;
				CLANG_WARN_BLOCK_CAPTURE_AUTORELEASING = YES;
				CLANG_WARN_BOOL_CONVERSION = YES;
				CLANG_WARN_COMMA = YES;
				CLANG_WARN_CONSTANT_CONVERSION = YES;
				CLANG_WARN_DEPRECATED_OBJC_IMPLEMENTATIONS = YES;
				CLANG_WARN_DIRECT_OBJC_ISA_USAGE = YES_ERROR;
				CLANG_WARN_DOCUMENTATION_COMMENTS = YES;
				CLANG_WARN_EMPTY_BODY = YES;
				CLANG_WARN_ENUM_CONVERSION = YES;
				CLANG_WARN_INFINITE_RECURSION = YES;
				CLANG_WARN_INT_CONVERSION = YES;
				CLANG_WARN_NON_LITERAL_NULL_CONVERSION = YES;
				CLANG_WARN_OBJC_IMPLICIT_RETAIN_SELF = YES;
				CLANG_WARN_OBJC_LITERAL_CONVERSION = YES;
				CLANG_WARN_OBJC_ROOT_CLASS = YES_ERROR;
				CLANG_WARN_QUOTED_INCLUDE_IN_FRAMEWORK_HEADER = YES;
				CLANG_WARN_RANGE_LOOP_ANALYSIS = YES;
				CLANG_WARN_STRICT_PROTOTYPES = YES;
				CLANG_WARN_SUSPICIOUS_MOVE = YES;
				CLANG_WARN_UNGUARDED_AVAILABILITY = YES_AGGRESSIVE;
				CLANG_WARN_UNREACHABLE_CODE = YES;
				CLANG_WARN__DUPLICATE_METHOD_MATCH = YES;
				COPY_PHASE_STRIP = NO;
				DEBUG_INFORMATION_FORMAT = dwarf;
				ENABLE_STRICT_OBJC_MSGSEND = YES;
				ENABLE_TESTABILITY = YES;
				GCC_C_LANGUAGE_STANDARD = gnu11;
				GCC_DYNAMIC_NO_PIC = NO;
				GCC_NO_COMMON_BLOCKS = YES;
				GCC_OPTIMIZATION_LEVEL = 0;
				GCC_PREPROCESSOR_DEFINITIONS = (
					"DEBUG=1",
					"$(inherited)",
				);
				GCC_WARN_64_TO_32_BIT_CONVERSION = YES;
				GCC_WARN_ABOUT_RETURN_TYPE = YES_ERROR;
				GCC_WARN_UNDECLARED_SELECTOR = YES;
				GCC_WARN_UNINITIALIZED_AUTOS = YES_AGGRESSIVE;
				GCC_WARN_UNUSED_FUNCTION = YES;
				GCC_WARN_UNUSED_VARIABLE = YES;
				IPHONEOS_DEPLOYMENT_TARGET = 15.2;
				MTL_ENABLE_DEBUG_INFO = INCLUDE_SOURCE;
				MTL_FAST_MATH = YES;
				ONLY_ACTIVE_ARCH = YES;
				SDKROOT = iphoneos;
				SWIFT_ACTIVE_COMPILATION_CONDITIONS = DEBUG;
				SWIFT_OPTIMIZATION_LEVEL = "-Onone";
			};
			name = Debug;
		};
		5355A48527A9B0F70069786A /* Release */ = {
			isa = XCBuildConfiguration;
			buildSettings = {
				ALWAYS_SEARCH_USER_PATHS = NO;
				CLANG_ANALYZER_NONNULL = YES;
				CLANG_ANALYZER_NUMBER_OBJECT_CONVERSION = YES_AGGRESSIVE;
				CLANG_CXX_LANGUAGE_STANDARD = "gnu++17";
				CLANG_CXX_LIBRARY = "libc++";
				CLANG_ENABLE_MODULES = YES;
				CLANG_ENABLE_OBJC_ARC = YES;
				CLANG_ENABLE_OBJC_WEAK = YES;
				CLANG_WARN_BLOCK_CAPTURE_AUTORELEASING = YES;
				CLANG_WARN_BOOL_CONVERSION = YES;
				CLANG_WARN_COMMA = YES;
				CLANG_WARN_CONSTANT_CONVERSION = YES;
				CLANG_WARN_DEPRECATED_OBJC_IMPLEMENTATIONS = YES;
				CLANG_WARN_DIRECT_OBJC_ISA_USAGE = YES_ERROR;
				CLANG_WARN_DOCUMENTATION_COMMENTS = YES;
				CLANG_WARN_EMPTY_BODY = YES;
				CLANG_WARN_ENUM_CONVERSION = YES;
				CLANG_WARN_INFINITE_RECURSION = YES;
				CLANG_WARN_INT_CONVERSION = YES;
				CLANG_WARN_NON_LITERAL_NULL_CONVERSION = YES;
				CLANG_WARN_OBJC_IMPLICIT_RETAIN_SELF = YES;
				CLANG_WARN_OBJC_LITERAL_CONVERSION = YES;
				CLANG_WARN_OBJC_ROOT_CLASS = YES_ERROR;
				CLANG_WARN_QUOTED_INCLUDE_IN_FRAMEWORK_HEADER = YES;
				CLANG_WARN_RANGE_LOOP_ANALYSIS = YES;
				CLANG_WARN_STRICT_PROTOTYPES = YES;
				CLANG_WARN_SUSPICIOUS_MOVE = YES;
				CLANG_WARN_UNGUARDED_AVAILABILITY = YES_AGGRESSIVE;
				CLANG_WARN_UNREACHABLE_CODE = YES;
				CLANG_WARN__DUPLICATE_METHOD_MATCH = YES;
				COPY_PHASE_STRIP = NO;
				DEBUG_INFORMATION_FORMAT = "dwarf-with-dsym";
				ENABLE_NS_ASSERTIONS = NO;
				ENABLE_STRICT_OBJC_MSGSEND = YES;
				GCC_C_LANGUAGE_STANDARD = gnu11;
				GCC_NO_COMMON_BLOCKS = YES;
				GCC_WARN_64_TO_32_BIT_CONVERSION = YES;
				GCC_WARN_ABOUT_RETURN_TYPE = YES_ERROR;
				GCC_WARN_UNDECLARED_SELECTOR = YES;
				GCC_WARN_UNINITIALIZED_AUTOS = YES_AGGRESSIVE;
				GCC_WARN_UNUSED_FUNCTION = YES;
				GCC_WARN_UNUSED_VARIABLE = YES;
				IPHONEOS_DEPLOYMENT_TARGET = 15.2;
				MTL_ENABLE_DEBUG_INFO = NO;
				MTL_FAST_MATH = YES;
				SDKROOT = iphoneos;
				SWIFT_COMPILATION_MODE = wholemodule;
				SWIFT_OPTIMIZATION_LEVEL = "-O";
				VALIDATE_PRODUCT = YES;
			};
			name = Release;
		};
		5355A48727A9B0F70069786A /* Debug */ = {
			isa = XCBuildConfiguration;
			buildSettings = {
				ASSETCATALOG_COMPILER_APPICON_NAME = AppIcon;
				ASSETCATALOG_COMPILER_GLOBAL_ACCENT_COLOR_NAME = AccentColor;
				CODE_SIGN_STYLE = Automatic;
				CURRENT_PROJECT_VERSION = 1;
				DEVELOPMENT_TEAM = CAZYY7RZVW;
				GENERATE_INFOPLIST_FILE = YES;
				INFOPLIST_FILE = "Rabble Wabble/Resources/Info.plist";
				INFOPLIST_KEY_UIApplicationSupportsIndirectInputEvents = YES;
				INFOPLIST_KEY_UILaunchStoryboardName = LaunchScreen;
				INFOPLIST_KEY_UIMainStoryboardFile = Main;
				INFOPLIST_KEY_UISupportedInterfaceOrientations_iPad = "UIInterfaceOrientationPortrait UIInterfaceOrientationPortraitUpsideDown UIInterfaceOrientationLandscapeLeft UIInterfaceOrientationLandscapeRight";
				INFOPLIST_KEY_UISupportedInterfaceOrientations_iPhone = "UIInterfaceOrientationPortrait UIInterfaceOrientationLandscapeLeft UIInterfaceOrientationLandscapeRight";
				LD_RUNPATH_SEARCH_PATHS = (
					"$(inherited)",
					"@executable_path/Frameworks",
				);
				MARKETING_VERSION = 1.0;
				PRODUCT_BUNDLE_IDENTIFIER = "com.AhmedAmin.Rabble-Wabble";
				PRODUCT_NAME = "$(TARGET_NAME)";
				SWIFT_EMIT_LOC_STRINGS = YES;
				SWIFT_VERSION = 5.0;
				TARGETED_DEVICE_FAMILY = "1,2";
			};
			name = Debug;
		};
		5355A48827A9B0F70069786A /* Release */ = {
			isa = XCBuildConfiguration;
			buildSettings = {
				ASSETCATALOG_COMPILER_APPICON_NAME = AppIcon;
				ASSETCATALOG_COMPILER_GLOBAL_ACCENT_COLOR_NAME = AccentColor;
				CODE_SIGN_STYLE = Automatic;
				CURRENT_PROJECT_VERSION = 1;
				DEVELOPMENT_TEAM = CAZYY7RZVW;
				GENERATE_INFOPLIST_FILE = YES;
				INFOPLIST_FILE = "Rabble Wabble/Resources/Info.plist";
				INFOPLIST_KEY_UIApplicationSupportsIndirectInputEvents = YES;
				INFOPLIST_KEY_UILaunchStoryboardName = LaunchScreen;
				INFOPLIST_KEY_UIMainStoryboardFile = Main;
				INFOPLIST_KEY_UISupportedInterfaceOrientations_iPad = "UIInterfaceOrientationPortrait UIInterfaceOrientationPortraitUpsideDown UIInterfaceOrientationLandscapeLeft UIInterfaceOrientationLandscapeRight";
				INFOPLIST_KEY_UISupportedInterfaceOrientations_iPhone = "UIInterfaceOrientationPortrait UIInterfaceOrientationLandscapeLeft UIInterfaceOrientationLandscapeRight";
				LD_RUNPATH_SEARCH_PATHS = (
					"$(inherited)",
					"@executable_path/Frameworks",
				);
				MARKETING_VERSION = 1.0;
				PRODUCT_BUNDLE_IDENTIFIER = "com.AhmedAmin.Rabble-Wabble";
				PRODUCT_NAME = "$(TARGET_NAME)";
				SWIFT_EMIT_LOC_STRINGS = YES;
				SWIFT_VERSION = 5.0;
				TARGETED_DEVICE_FAMILY = "1,2";
			};
			name = Release;
		};
/* End XCBuildConfiguration section */

/* Begin XCConfigurationList section */
		5355A46D27A9B0F60069786A /* Build configuration list for PBXProject "Rabble Wabble" */ = {
			isa = XCConfigurationList;
			buildConfigurations = (
				5355A48427A9B0F70069786A /* Debug */,
				5355A48527A9B0F70069786A /* Release */,
			);
			defaultConfigurationIsVisible = 0;
			defaultConfigurationName = Release;
		};
		5355A48627A9B0F70069786A /* Build configuration list for PBXNativeTarget "Rabble Wabble" */ = {
			isa = XCConfigurationList;
			buildConfigurations = (
				5355A48727A9B0F70069786A /* Debug */,
				5355A48827A9B0F70069786A /* Release */,
			);
			defaultConfigurationIsVisible = 0;
			defaultConfigurationName = Release;
		};
/* End XCConfigurationList section */
	};
	rootObject = 5355A46A27A9B0F60069786A /* Project object */;
}
